// !$*UTF8*$!
{
	archiveVersion = 1;
	classes = {
	};
	objectVersion = 50;
	objects = {

/* Begin PBXBuildFile section */
		524B8616273D6BDB00BF4748 /* AppDelegate.swift in Sources */ = {isa = PBXBuildFile; fileRef = 524B8615273D6BDB00BF4748 /* AppDelegate.swift */; };
		524B8618273D6BDB00BF4748 /* SceneDelegate.swift in Sources */ = {isa = PBXBuildFile; fileRef = 524B8617273D6BDB00BF4748 /* SceneDelegate.swift */; };
		524B861A273D6BDB00BF4748 /* ViewController.swift in Sources */ = {isa = PBXBuildFile; fileRef = 524B8619273D6BDB00BF4748 /* ViewController.swift */; };
		524B861D273D6BDB00BF4748 /* Main.storyboard in Resources */ = {isa = PBXBuildFile; fileRef = 524B861B273D6BDB00BF4748 /* Main.storyboard */; };
		524B861F273D6BDF00BF4748 /* Assets.xcassets in Resources */ = {isa = PBXBuildFile; fileRef = 524B861E273D6BDF00BF4748 /* Assets.xcassets */; };
		524B8622273D6BDF00BF4748 /* LaunchScreen.storyboard in Resources */ = {isa = PBXBuildFile; fileRef = 524B8620273D6BDF00BF4748 /* LaunchScreen.storyboard */; };
		524B862A273D914200BF4748 /* Models.swift in Sources */ = {isa = PBXBuildFile; fileRef = 524B8629273D914200BF4748 /* Models.swift */; };
/* End PBXBuildFile section */

/* Begin PBXFileReference section */
		524B8612273D6BDB00BF4748 /* openWeatherWithCombaine.app */ = {isa = PBXFileReference; explicitFileType = wrapper.application; includeInIndex = 0; path = openWeatherWithCombaine.app; sourceTree = BUILT_PRODUCTS_DIR; };
		524B8615273D6BDB00BF4748 /* AppDelegate.swift */ = {isa = PBXFileReference; lastKnownFileType = sourcecode.swift; path = AppDelegate.swift; sourceTree = "<group>"; };
		524B8617273D6BDB00BF4748 /* SceneDelegate.swift */ = {isa = PBXFileReference; lastKnownFileType = sourcecode.swift; path = SceneDelegate.swift; sourceTree = "<group>"; };
		524B8619273D6BDB00BF4748 /* ViewController.swift */ = {isa = PBXFileReference; lastKnownFileType = sourcecode.swift; path = ViewController.swift; sourceTree = "<group>"; };
		524B861C273D6BDB00BF4748 /* Base */ = {isa = PBXFileReference; lastKnownFileType = file.storyboard; name = Base; path = Base.lproj/Main.storyboard; sourceTree = "<group>"; };
		524B861E273D6BDF00BF4748 /* Assets.xcassets */ = {isa = PBXFileReference; lastKnownFileType = folder.assetcatalog; path = Assets.xcassets; sourceTree = "<group>"; };
		524B8621273D6BDF00BF4748 /* Base */ = {isa = PBXFileReference; lastKnownFileType = file.storyboard; name = Base; path = Base.lproj/LaunchScreen.storyboard; sourceTree = "<group>"; };
		524B8623273D6BDF00BF4748 /* Info.plist */ = {isa = PBXFileReference; lastKnownFileType = text.plist.xml; path = Info.plist; sourceTree = "<group>"; };
		524B8629273D914200BF4748 /* Models.swift */ = {isa = PBXFileReference; lastKnownFileType = sourcecode.swift; path = Models.swift; sourceTree = "<group>"; };
/* End PBXFileReference section */

/* Begin PBXFrameworksBuildPhase section */
		524B860F273D6BDB00BF4748 /* Frameworks */ = {
			isa = PBXFrameworksBuildPhase;
			buildActionMask = 2147483647;
			files = (
			);
			runOnlyForDeploymentPostprocessing = 0;
		};
/* End PBXFrameworksBuildPhase section */

/* Begin PBXGroup section */
		524B8609273D6BDA00BF4748 = {
			isa = PBXGroup;
			children = (
				524B8614273D6BDB00BF4748 /* openWeatherWithCombaine */,
				524B8613273D6BDB00BF4748 /* Products */,
			);
			sourceTree = "<group>";
		};
		524B8613273D6BDB00BF4748 /* Products */ = {
			isa = PBXGroup;
			children = (
				524B8612273D6BDB00BF4748 /* openWeatherWithCombaine.app */,
			);
			name = Products;
			sourceTree = "<group>";
		};
		524B8614273D6BDB00BF4748 /* openWeatherWithCombaine */ = {
			isa = PBXGroup;
			children = (
				524B8615273D6BDB00BF4748 /* AppDelegate.swift */,
				524B8617273D6BDB00BF4748 /* SceneDelegate.swift */,
				524B8619273D6BDB00BF4748 /* ViewController.swift */,
				524B8629273D914200BF4748 /* Models.swift */,
				524B861B273D6BDB00BF4748 /* Main.storyboard */,
				524B861E273D6BDF00BF4748 /* Assets.xcassets */,
				524B8620273D6BDF00BF4748 /* LaunchScreen.storyboard */,
				524B8623273D6BDF00BF4748 /* Info.plist */,
			);
			path = openWeatherWithCombaine;
			sourceTree = "<group>";
		};
/* End PBXGroup section */

/* Begin PBXNativeTarget section */
		524B8611273D6BDB00BF4748 /* openWeatherWithCombaine */ = {
			isa = PBXNativeTarget;
			buildConfigurationList = 524B8626273D6BDF00BF4748 /* Build configuration list for PBXNativeTarget "openWeatherWithCombaine" */;
			buildPhases = (
				524B860E273D6BDB00BF4748 /* Sources */,
				524B860F273D6BDB00BF4748 /* Frameworks */,
				524B8610273D6BDB00BF4748 /* Resources */,
			);
			buildRules = (
			);
			dependencies = (
			);
			name = openWeatherWithCombaine;
			productName = openWeatherWithCombaine;
			productReference = 524B8612273D6BDB00BF4748 /* openWeatherWithCombaine.app */;
			productType = "com.apple.product-type.application";
		};
/* End PBXNativeTarget section */

/* Begin PBXProject section */
		524B860A273D6BDA00BF4748 /* Project object */ = {
			isa = PBXProject;
			attributes = {
				LastSwiftUpdateCheck = 1250;
				LastUpgradeCheck = 1250;
				TargetAttributes = {
					524B8611273D6BDB00BF4748 = {
						CreatedOnToolsVersion = 12.5.1;
					};
				};
			};
			buildConfigurationList = 524B860D273D6BDA00BF4748 /* Build configuration list for PBXProject "openWeatherWithCombaine" */;
			compatibilityVersion = "Xcode 9.3";
			developmentRegion = en;
			hasScannedForEncodings = 0;
			knownRegions = (
				en,
				Base,
			);
			mainGroup = 524B8609273D6BDA00BF4748;
			productRefGroup = 524B8613273D6BDB00BF4748 /* Products */;
			projectDirPath = "";
			projectRoot = "";
			targets = (
				524B8611273D6BDB00BF4748 /* openWeatherWithCombaine */,
			);
		};
/* End PBXProject section */

/* Begin PBXResourcesBuildPhase section */
		524B8610273D6BDB00BF4748 /* Resources */ = {
			isa = PBXResourcesBuildPhase;
			buildActionMask = 2147483647;
			files = (
				524B8622273D6BDF00BF4748 /* LaunchScreen.storyboard in Resources */,
				524B861F273D6BDF00BF4748 /* Assets.xcassets in Resources */,
				524B861D273D6BDB00BF4748 /* Main.storyboard in Resources */,
			);
			runOnlyForDeploymentPostprocessing = 0;
		};
/* End PBXResourcesBuildPhase section */

/* Begin PBXSourcesBuildPhase section */
		524B860E273D6BDB00BF4748 /* Sources */ = {
			isa = PBXSourcesBuildPhase;
			buildActionMask = 2147483647;
			files = (
				524B861A273D6BDB00BF4748 /* ViewController.swift in Sources */,
				524B8616273D6BDB00BF4748 /* AppDelegate.swift in Sources */,
				524B8618273D6BDB00BF4748 /* SceneDelegate.swift in Sources */,
				524B862A273D914200BF4748 /* Models.swift in Sources */,
			);
			runOnlyForDeploymentPostprocessing = 0;
		};
/* End PBXSourcesBuildPhase section */

/* Begin PBXVariantGroup section */
		524B861B273D6BDB00BF4748 /* Main.storyboard */ = {
			isa = PBXVariantGroup;
			children = (
				524B861C273D6BDB00BF4748 /* Base */,
			);
			name = Main.storyboard;
			sourceTree = "<group>";
		};
		524B8620273D6BDF00BF4748 /* LaunchScreen.storyboard */ = {
			isa = PBXVariantGroup;
			children = (
				524B8621273D6BDF00BF4748 /* Base */,
			);
			name = LaunchScreen.storyboard;
			sourceTree = "<group>";
		};
/* End PBXVariantGroup section */

/* Begin XCBuildConfiguration section */
		524B8624273D6BDF00BF4748 /* Debug */ = {
			isa = XCBuildConfiguration;
			buildSettings = {
				ALWAYS_SEARCH_USER_PATHS = NO;
				CLANG_ANALYZER_NONNULL = YES;
				CLANG_ANALYZER_NUMBER_OBJECT_CONVERSION = YES_AGGRESSIVE;
				CLANG_CXX_LANGUAGE_STANDARD = "gnu++14";
				CLANG_CXX_LIBRARY = "libc++";
				CLANG_ENABLE_MODULES = YES;
				CLANG_ENABLE_OBJC_ARC = YES;
				CLANG_ENABLE_OBJC_WEAK = YES;
				CLANG_WARN_BLOCK_CAPTURE_AUTORELEASING = YES;
				CLANG_WARN_BOOL_CONVERSION = YES;
				CLANG_WARN_COMMA = YES;
				CLANG_WARN_CONSTANT_CONVERSION = YES;
				CLANG_WARN_DEPRECATED_OBJC_IMPLEMENTATIONS = YES;
				CLANG_WARN_DIRECT_OBJC_ISA_USAGE = YES_ERROR;
				CLANG_WARN_DOCUMENTATION_COMMENTS = YES;
				CLANG_WARN_EMPTY_BODY = YES;
				CLANG_WARN_ENUM_CONVERSION = YES;
				CLANG_WARN_INFINITE_RECURSION = YES;
				CLANG_WARN_INT_CONVERSION = YES;
				CLANG_WARN_NON_LITERAL_NULL_CONVERSION = YES;
				CLANG_WARN_OBJC_IMPLICIT_RETAIN_SELF = YES;
				CLANG_WARN_OBJC_LITERAL_CONVERSION = YES;
				CLANG_WARN_OBJC_ROOT_CLASS = YES_ERROR;
				CLANG_WARN_QUOTED_INCLUDE_IN_FRAMEWORK_HEADER = YES;
				CLANG_WARN_RANGE_LOOP_ANALYSIS = YES;
				CLANG_WARN_STRICT_PROTOTYPES = YES;
				CLANG_WARN_SUSPICIOUS_MOVE = YES;
				CLANG_WARN_UNGUARDED_AVAILABILITY = YES_AGGRESSIVE;
				CLANG_WARN_UNREACHABLE_CODE = YES;
				CLANG_WARN__DUPLICATE_METHOD_MATCH = YES;
				COPY_PHASE_STRIP = NO;
				DEBUG_INFORMATION_FORMAT = dwarf;
				ENABLE_STRICT_OBJC_MSGSEND = YES;
				ENABLE_TESTABILITY = YES;
				GCC_C_LANGUAGE_STANDARD = gnu11;
				GCC_DYNAMIC_NO_PIC = NO;
				GCC_NO_COMMON_BLOCKS = YES;
				GCC_OPTIMIZATION_LEVEL = 0;
				GCC_PREPROCESSOR_DEFINITIONS = (
					"DEBUG=1",
					"$(inherited)",
				);
				GCC_WARN_64_TO_32_BIT_CONVERSION = YES;
				GCC_WARN_ABOUT_RETURN_TYPE = YES_ERROR;
				GCC_WARN_UNDECLARED_SELECTOR = YES;
				GCC_WARN_UNINITIALIZED_AUTOS = YES_AGGRESSIVE;
				GCC_WARN_UNUSED_FUNCTION = YES;
				GCC_WARN_UNUSED_VARIABLE = YES;
				IPHONEOS_DEPLOYMENT_TARGET = 14.5;
				MTL_ENABLE_DEBUG_INFO = INCLUDE_SOURCE;
				MTL_FAST_MATH = YES;
				ONLY_ACTIVE_ARCH = YES;
				SDKROOT = iphoneos;
				SWIFT_ACTIVE_COMPILATION_CONDITIONS = DEBUG;
				SWIFT_OPTIMIZATION_LEVEL = "-Onone";
			};
			name = Debug;
		};
		524B8625273D6BDF00BF4748 /* Release */ = {
			isa = XCBuildConfiguration;
			buildSettings = {
				ALWAYS_SEARCH_USER_PATHS = NO;
				CLANG_ANALYZER_NONNULL = YES;
				CLANG_ANALYZER_NUMBER_OBJECT_CONVERSION = YES_AGGRESSIVE;
				CLANG_CXX_LANGUAGE_STANDARD = "gnu++14";
				CLANG_CXX_LIBRARY = "libc++";
				CLANG_ENABLE_MODULES = YES;
				CLANG_ENABLE_OBJC_ARC = YES;
				CLANG_ENABLE_OBJC_WEAK = YES;
				CLANG_WARN_BLOCK_CAPTURE_AUTORELEASING = YES;
				CLANG_WARN_BOOL_CONVERSION = YES;
				CLANG_WARN_COMMA = YES;
				CLANG_WARN_CONSTANT_CONVERSION = YES;
				CLANG_WARN_DEPRECATED_OBJC_IMPLEMENTATIONS = YES;
				CLANG_WARN_DIRECT_OBJC_ISA_USAGE = YES_ERROR;
				CLANG_WARN_DOCUMENTATION_COMMENTS = YES;
				CLANG_WARN_EMPTY_BODY = YES;
				CLANG_WARN_ENUM_CONVERSION = YES;
				CLANG_WARN_INFINITE_RECURSION = YES;
				CLANG_WARN_INT_CONVERSION = YES;
				CLANG_WARN_NON_LITERAL_NULL_CONVERSION = YES;
				CLANG_WARN_OBJC_IMPLICIT_RETAIN_SELF = YES;
				CLANG_WARN_OBJC_LITERAL_CONVERSION = YES;
				CLANG_WARN_OBJC_ROOT_CLASS = YES_ERROR;
				CLANG_WARN_QUOTED_INCLUDE_IN_FRAMEWORK_HEADER = YES;
				CLANG_WARN_RANGE_LOOP_ANALYSIS = YES;
				CLANG_WARN_STRICT_PROTOTYPES = YES;
				CLANG_WARN_SUSPICIOUS_MOVE = YES;
				CLANG_WARN_UNGUARDED_AVAILABILITY = YES_AGGRESSIVE;
				CLANG_WARN_UNREACHABLE_CODE = YES;
				CLANG_WARN__DUPLICATE_METHOD_MATCH = YES;
				COPY_PHASE_STRIP = NO;
				DEBUG_INFORMATION_FORMAT = "dwarf-with-dsym";
				ENABLE_NS_ASSERTIONS = NO;
				ENABLE_STRICT_OBJC_MSGSEND = YES;
				GCC_C_LANGUAGE_STANDARD = gnu11;
				GCC_NO_COMMON_BLOCKS = YES;
				GCC_WARN_64_TO_32_BIT_CONVERSION = YES;
				GCC_WARN_ABOUT_RETURN_TYPE = YES_ERROR;
				GCC_WARN_UNDECLARED_SELECTOR = YES;
				GCC_WARN_UNINITIALIZED_AUTOS = YES_AGGRESSIVE;
				GCC_WARN_UNUSED_FUNCTION = YES;
				GCC_WARN_UNUSED_VARIABLE = YES;
				IPHONEOS_DEPLOYMENT_TARGET = 14.5;
				MTL_ENABLE_DEBUG_INFO = NO;
				MTL_FAST_MATH = YES;
				SDKROOT = iphoneos;
				SWIFT_COMPILATION_MODE = wholemodule;
				SWIFT_OPTIMIZATION_LEVEL = "-O";
				VALIDATE_PRODUCT = YES;
			};
			name = Release;
		};
		524B8627273D6BDF00BF4748 /* Debug */ = {
			isa = XCBuildConfiguration;
			buildSettings = {
				ASSETCATALOG_COMPILER_APPICON_NAME = AppIcon;
				ASSETCATALOG_COMPILER_GLOBAL_ACCENT_COLOR_NAME = AccentColor;
				CODE_SIGN_STYLE = Automatic;
				DEVELOPMENT_TEAM = C8V9DS8345;
				INFOPLIST_FILE = openWeatherWithCombaine/Info.plist;
				LD_RUNPATH_SEARCH_PATHS = (
					"$(inherited)",
					"@executable_path/Frameworks",
				);
				PRODUCT_BUNDLE_IDENTIFIER = Nick.openWeatherWithCombaine;
				PRODUCT_NAME = "$(TARGET_NAME)";
				SWIFT_VERSION = 5.0;
				TARGETED_DEVICE_FAMILY = "1,2";
			};
			name = Debug;
		};
		524B8628273D6BDF00BF4748 /* Release */ = {
			isa = XCBuildConfiguration;
			buildSettings = {
				ASSETCATALOG_COMPILER_APPICON_NAME = AppIcon;
				ASSETCATALOG_COMPILER_GLOBAL_ACCENT_COLOR_NAME = AccentColor;
				CODE_SIGN_STYLE = Automatic;
				DEVELOPMENT_TEAM = C8V9DS8345;
				INFOPLIST_FILE = openWeatherWithCombaine/Info.plist;
				LD_RUNPATH_SEARCH_PATHS = (
					"$(inherited)",
					"@executable_path/Frameworks",
				);
				PRODUCT_BUNDLE_IDENTIFIER = Nick.openWeatherWithCombaine;
				PRODUCT_NAME = "$(TARGET_NAME)";
				SWIFT_VERSION = 5.0;
				TARGETED_DEVICE_FAMILY = "1,2";
			};
			name = Release;
		};
/* End XCBuildConfiguration section */

/* Begin XCConfigurationList section */
		524B860D273D6BDA00BF4748 /* Build configuration list for PBXProject "openWeatherWithCombaine" */ = {
			isa = XCConfigurationList;
			buildConfigurations = (
				524B8624273D6BDF00BF4748 /* Debug */,
				524B8625273D6BDF00BF4748 /* Release */,
			);
			defaultConfigurationIsVisible = 0;
			defaultConfigurationName = Release;
		};
		524B8626273D6BDF00BF4748 /* Build configuration list for PBXNativeTarget "openWeatherWithCombaine" */ = {
			isa = XCConfigurationList;
			buildConfigurations = (
				524B8627273D6BDF00BF4748 /* Debug */,
				524B8628273D6BDF00BF4748 /* Release */,
			);
			defaultConfigurationIsVisible = 0;
			defaultConfigurationName = Release;
		};
/* End XCConfigurationList section */
	};
	rootObject = 524B860A273D6BDA00BF4748 /* Project object */;
}
